// !$*UTF8*$!
{
	archiveVersion = 1;
	classes = {
	};
	objectVersion = 48;
	objects = {

/* Begin PBXBuildFile section */
		7A796F8C1F871D1400D9658D /* AppDelegate.swift in Sources */ = {isa = PBXBuildFile; fileRef = 7A796F8B1F871D1400D9658D /* AppDelegate.swift */; };
		7A796F8E1F871D1400D9658D /* ScheduleInfoViewController.swift in Sources */ = {isa = PBXBuildFile; fileRef = 7A796F8D1F871D1400D9658D /* ScheduleInfoViewController.swift */; };
		7A796F911F871D1400D9658D /* Main.storyboard in Resources */ = {isa = PBXBuildFile; fileRef = 7A796F8F1F871D1400D9658D /* Main.storyboard */; };
		7A796F941F871D1400D9658D /* Schedule.xcdatamodeld in Sources */ = {isa = PBXBuildFile; fileRef = 7A796F921F871D1400D9658D /* Schedule.xcdatamodeld */; };
		7A796F961F871D1400D9658D /* Assets.xcassets in Resources */ = {isa = PBXBuildFile; fileRef = 7A796F951F871D1400D9658D /* Assets.xcassets */; };
		7A796F991F871D1400D9658D /* LaunchScreen.storyboard in Resources */ = {isa = PBXBuildFile; fileRef = 7A796F971F871D1400D9658D /* LaunchScreen.storyboard */; };
		7A796FA31F871D3300D9658D /* CloudKit.framework in Frameworks */ = {isa = PBXBuildFile; fileRef = 7A796FA21F871D3300D9658D /* CloudKit.framework */; };
		7A796FA51F87250600D9658D /* CloudManager.swift in Sources */ = {isa = PBXBuildFile; fileRef = 7A796FA41F87250600D9658D /* CloudManager.swift */; };
/* End PBXBuildFile section */

/* Begin PBXFileReference section */
		7A796F881F871D1400D9658D /* Schedule.app */ = {isa = PBXFileReference; explicitFileType = wrapper.application; includeInIndex = 0; path = Schedule.app; sourceTree = BUILT_PRODUCTS_DIR; };
		7A796F8B1F871D1400D9658D /* AppDelegate.swift */ = {isa = PBXFileReference; lastKnownFileType = sourcecode.swift; path = AppDelegate.swift; sourceTree = "<group>"; };
		7A796F8D1F871D1400D9658D /* ScheduleInfoViewController.swift */ = {isa = PBXFileReference; lastKnownFileType = sourcecode.swift; path = ScheduleInfoViewController.swift; sourceTree = "<group>"; };
		7A796F901F871D1400D9658D /* Base */ = {isa = PBXFileReference; lastKnownFileType = file.storyboard; name = Base; path = Base.lproj/Main.storyboard; sourceTree = "<group>"; };
		7A796F931F871D1400D9658D /* Schedule.xcdatamodel */ = {isa = PBXFileReference; lastKnownFileType = wrapper.xcdatamodel; path = Schedule.xcdatamodel; sourceTree = "<group>"; };
		7A796F951F871D1400D9658D /* Assets.xcassets */ = {isa = PBXFileReference; lastKnownFileType = folder.assetcatalog; path = Assets.xcassets; sourceTree = "<group>"; };
		7A796F981F871D1400D9658D /* Base */ = {isa = PBXFileReference; lastKnownFileType = file.storyboard; name = Base; path = Base.lproj/LaunchScreen.storyboard; sourceTree = "<group>"; };
		7A796F9A1F871D1400D9658D /* Info.plist */ = {isa = PBXFileReference; lastKnownFileType = text.plist.xml; path = Info.plist; sourceTree = "<group>"; };
		7A796FA01F871D2F00D9658D /* Schedule.entitlements */ = {isa = PBXFileReference; lastKnownFileType = text.plist.entitlements; path = Schedule.entitlements; sourceTree = "<group>"; };
		7A796FA21F871D3300D9658D /* CloudKit.framework */ = {isa = PBXFileReference; lastKnownFileType = wrapper.framework; name = CloudKit.framework; path = System/Library/Frameworks/CloudKit.framework; sourceTree = SDKROOT; };
		7A796FA41F87250600D9658D /* CloudManager.swift */ = {isa = PBXFileReference; lastKnownFileType = sourcecode.swift; path = CloudManager.swift; sourceTree = "<group>"; };
/* End PBXFileReference section */

/* Begin PBXFrameworksBuildPhase section */
		7A796F851F871D1400D9658D /* Frameworks */ = {
			isa = PBXFrameworksBuildPhase;
			buildActionMask = 2147483647;
			files = (
				7A796FA31F871D3300D9658D /* CloudKit.framework in Frameworks */,
			);
			runOnlyForDeploymentPostprocessing = 0;
		};
/* End PBXFrameworksBuildPhase section */

/* Begin PBXGroup section */
		7A796F7F1F871D1400D9658D = {
			isa = PBXGroup;
			children = (
				7A796F8A1F871D1400D9658D /* Schedule */,
				7A796F891F871D1400D9658D /* Products */,
				7A796FA11F871D3300D9658D /* Frameworks */,
			);
			sourceTree = "<group>";
		};
		7A796F891F871D1400D9658D /* Products */ = {
			isa = PBXGroup;
			children = (
				7A796F881F871D1400D9658D /* Schedule.app */,
			);
			name = Products;
			sourceTree = "<group>";
		};
		7A796F8A1F871D1400D9658D /* Schedule */ = {
			isa = PBXGroup;
			children = (
				7A796FA01F871D2F00D9658D /* Schedule.entitlements */,
				7A796F8B1F871D1400D9658D /* AppDelegate.swift */,
				7A796F8D1F871D1400D9658D /* ScheduleInfoViewController.swift */,
				7A796FA41F87250600D9658D /* CloudManager.swift */,
				7A796F8F1F871D1400D9658D /* Main.storyboard */,
				7A796F951F871D1400D9658D /* Assets.xcassets */,
				7A796F971F871D1400D9658D /* LaunchScreen.storyboard */,
				7A796F9A1F871D1400D9658D /* Info.plist */,
				7A796F921F871D1400D9658D /* Schedule.xcdatamodeld */,
			);
			path = Schedule;
			sourceTree = "<group>";
		};
		7A796FA11F871D3300D9658D /* Frameworks */ = {
			isa = PBXGroup;
			children = (
				7A796FA21F871D3300D9658D /* CloudKit.framework */,
			);
			name = Frameworks;
			sourceTree = "<group>";
		};
/* End PBXGroup section */

/* Begin PBXNativeTarget section */
		7A796F871F871D1400D9658D /* Schedule */ = {
			isa = PBXNativeTarget;
			buildConfigurationList = 7A796F9D1F871D1400D9658D /* Build configuration list for PBXNativeTarget "Schedule" */;
			buildPhases = (
				7A796F841F871D1400D9658D /* Sources */,
				7A796F851F871D1400D9658D /* Frameworks */,
				7A796F861F871D1400D9658D /* Resources */,
			);
			buildRules = (
			);
			dependencies = (
			);
			name = Schedule;
			productName = Schedule;
			productReference = 7A796F881F871D1400D9658D /* Schedule.app */;
			productType = "com.apple.product-type.application";
		};
/* End PBXNativeTarget section */

/* Begin PBXProject section */
		7A796F801F871D1400D9658D /* Project object */ = {
			isa = PBXProject;
			attributes = {
				LastSwiftUpdateCheck = 0900;
				LastUpgradeCheck = 0900;
				ORGANIZATIONNAME = jackson;
				TargetAttributes = {
					7A796F871F871D1400D9658D = {
						CreatedOnToolsVersion = 9.0;
						ProvisioningStyle = Automatic;
						SystemCapabilities = {
							com.apple.Push = {
								enabled = 1;
							};
							com.apple.iCloud = {
								enabled = 1;
							};
						};
					};
				};
			};
			buildConfigurationList = 7A796F831F871D1400D9658D /* Build configuration list for PBXProject "Schedule" */;
			compatibilityVersion = "Xcode 8.0";
			developmentRegion = en;
			hasScannedForEncodings = 0;
			knownRegions = (
				en,
				Base,
			);
			mainGroup = 7A796F7F1F871D1400D9658D;
			productRefGroup = 7A796F891F871D1400D9658D /* Products */;
			projectDirPath = "";
			projectRoot = "";
			targets = (
				7A796F871F871D1400D9658D /* Schedule */,
			);
		};
/* End PBXProject section */

/* Begin PBXResourcesBuildPhase section */
		7A796F861F871D1400D9658D /* Resources */ = {
			isa = PBXResourcesBuildPhase;
			buildActionMask = 2147483647;
			files = (
				7A796F991F871D1400D9658D /* LaunchScreen.storyboard in Resources */,
				7A796F961F871D1400D9658D /* Assets.xcassets in Resources */,
				7A796F911F871D1400D9658D /* Main.storyboard in Resources */,
			);
			runOnlyForDeploymentPostprocessing = 0;
		};
/* End PBXResourcesBuildPhase section */

/* Begin PBXSourcesBuildPhase section */
		7A796F841F871D1400D9658D /* Sources */ = {
			isa = PBXSourcesBuildPhase;
			buildActionMask = 2147483647;
			files = (
				7A796F8E1F871D1400D9658D /* ScheduleInfoViewController.swift in Sources */,
				7A796F941F871D1400D9658D /* Schedule.xcdatamodeld in Sources */,
				7A796FA51F87250600D9658D /* CloudManager.swift in Sources */,
				7A796F8C1F871D1400D9658D /* AppDelegate.swift in Sources */,
			);
			runOnlyForDeploymentPostprocessing = 0;
		};
/* End PBXSourcesBuildPhase section */

/* Begin PBXVariantGroup section */
		7A796F8F1F871D1400D9658D /* Main.storyboard */ = {
			isa = PBXVariantGroup;
			children = (
				7A796F901F871D1400D9658D /* Base */,
			);
			name = Main.storyboard;
			sourceTree = "<group>";
		};
		7A796F971F871D1400D9658D /* LaunchScreen.storyboard */ = {
			isa = PBXVariantGroup;
			children = (
				7A796F981F871D1400D9658D /* Base */,
			);
			name = LaunchScreen.storyboard;
			sourceTree = "<group>";
		};
/* End PBXVariantGroup section */

/* Begin XCBuildConfiguration section */
		7A796F9B1F871D1400D9658D /* Debug */ = {
			isa = XCBuildConfiguration;
			buildSettings = {
				ALWAYS_SEARCH_USER_PATHS = NO;
				CLANG_ANALYZER_NONNULL = YES;
				CLANG_ANALYZER_NUMBER_OBJECT_CONVERSION = YES_AGGRESSIVE;
				CLANG_CXX_LANGUAGE_STANDARD = "gnu++14";
				CLANG_CXX_LIBRARY = "libc++";
				CLANG_ENABLE_MODULES = YES;
				CLANG_ENABLE_OBJC_ARC = YES;
				CLANG_WARN_BLOCK_CAPTURE_AUTORELEASING = YES;
				CLANG_WARN_BOOL_CONVERSION = YES;
				CLANG_WARN_COMMA = YES;
				CLANG_WARN_CONSTANT_CONVERSION = YES;
				CLANG_WARN_DIRECT_OBJC_ISA_USAGE = YES_ERROR;
				CLANG_WARN_DOCUMENTATION_COMMENTS = YES;
				CLANG_WARN_EMPTY_BODY = YES;
				CLANG_WARN_ENUM_CONVERSION = YES;
				CLANG_WARN_INFINITE_RECURSION = YES;
				CLANG_WARN_INT_CONVERSION = YES;
				CLANG_WARN_NON_LITERAL_NULL_CONVERSION = YES;
				CLANG_WARN_OBJC_LITERAL_CONVERSION = YES;
				CLANG_WARN_OBJC_ROOT_CLASS = YES_ERROR;
				CLANG_WARN_RANGE_LOOP_ANALYSIS = YES;
				CLANG_WARN_STRICT_PROTOTYPES = YES;
				CLANG_WARN_SUSPICIOUS_MOVE = YES;
				CLANG_WARN_UNGUARDED_AVAILABILITY = YES_AGGRESSIVE;
				CLANG_WARN_UNREACHABLE_CODE = YES;
				CLANG_WARN__DUPLICATE_METHOD_MATCH = YES;
				CODE_SIGN_IDENTITY = "iPhone Developer";
				COPY_PHASE_STRIP = NO;
				DEBUG_INFORMATION_FORMAT = dwarf;
				ENABLE_STRICT_OBJC_MSGSEND = YES;
				ENABLE_TESTABILITY = YES;
				GCC_C_LANGUAGE_STANDARD = gnu11;
				GCC_DYNAMIC_NO_PIC = NO;
				GCC_NO_COMMON_BLOCKS = YES;
				GCC_OPTIMIZATION_LEVEL = 0;
				GCC_PREPROCESSOR_DEFINITIONS = (
					"DEBUG=1",
					"$(inherited)",
				);
				GCC_WARN_64_TO_32_BIT_CONVERSION = YES;
				GCC_WARN_ABOUT_RETURN_TYPE = YES_ERROR;
				GCC_WARN_UNDECLARED_SELECTOR = YES;
				GCC_WARN_UNINITIALIZED_AUTOS = YES_AGGRESSIVE;
				GCC_WARN_UNUSED_FUNCTION = YES;
				GCC_WARN_UNUSED_VARIABLE = YES;
				IPHONEOS_DEPLOYMENT_TARGET = 11.0;
				MTL_ENABLE_DEBUG_INFO = YES;
				ONLY_ACTIVE_ARCH = YES;
				SDKROOT = iphoneos;
				SWIFT_ACTIVE_COMPILATION_CONDITIONS = DEBUG;
				SWIFT_OPTIMIZATION_LEVEL = "-Onone";
			};
			name = Debug;
		};
		7A796F9C1F871D1400D9658D /* Release */ = {
			isa = XCBuildConfiguration;
			buildSettings = {
				ALWAYS_SEARCH_USER_PATHS = NO;
				CLANG_ANALYZER_NONNULL = YES;
				CLANG_ANALYZER_NUMBER_OBJECT_CONVERSION = YES_AGGRESSIVE;
				CLANG_CXX_LANGUAGE_STANDARD = "gnu++14";
				CLANG_CXX_LIBRARY = "libc++";
				CLANG_ENABLE_MODULES = YES;
				CLANG_ENABLE_OBJC_ARC = YES;
				CLANG_WARN_BLOCK_CAPTURE_AUTORELEASING = YES;
				CLANG_WARN_BOOL_CONVERSION = YES;
				CLANG_WARN_COMMA = YES;
				CLANG_WARN_CONSTANT_CONVERSION = YES;
				CLANG_WARN_DIRECT_OBJC_ISA_USAGE = YES_ERROR;
				CLANG_WARN_DOCUMENTATION_COMMENTS = YES;
				CLANG_WARN_EMPTY_BODY = YES;
				CLANG_WARN_ENUM_CONVERSION = YES;
				CLANG_WARN_INFINITE_RECURSION = YES;
				CLANG_WARN_INT_CONVERSION = YES;
				CLANG_WARN_NON_LITERAL_NULL_CONVERSION = YES;
				CLANG_WARN_OBJC_LITERAL_CONVERSION = YES;
				CLANG_WARN_OBJC_ROOT_CLASS = YES_ERROR;
				CLANG_WARN_RANGE_LOOP_ANALYSIS = YES;
				CLANG_WARN_STRICT_PROTOTYPES = YES;
				CLANG_WARN_SUSPICIOUS_MOVE = YES;
				CLANG_WARN_UNGUARDED_AVAILABILITY = YES_AGGRESSIVE;
				CLANG_WARN_UNREACHABLE_CODE = YES;
				CLANG_WARN__DUPLICATE_METHOD_MATCH = YES;
				CODE_SIGN_IDENTITY = "iPhone Developer";
				COPY_PHASE_STRIP = NO;
				DEBUG_INFORMATION_FORMAT = "dwarf-with-dsym";
				ENABLE_NS_ASSERTIONS = NO;
				ENABLE_STRICT_OBJC_MSGSEND = YES;
				GCC_C_LANGUAGE_STANDARD = gnu11;
				GCC_NO_COMMON_BLOCKS = YES;
				GCC_WARN_64_TO_32_BIT_CONVERSION = YES;
				GCC_WARN_ABOUT_RETURN_TYPE = YES_ERROR;
				GCC_WARN_UNDECLARED_SELECTOR = YES;
				GCC_WARN_UNINITIALIZED_AUTOS = YES_AGGRESSIVE;
				GCC_WARN_UNUSED_FUNCTION = YES;
				GCC_WARN_UNUSED_VARIABLE = YES;
				IPHONEOS_DEPLOYMENT_TARGET = 11.0;
				MTL_ENABLE_DEBUG_INFO = NO;
				SDKROOT = iphoneos;
				SWIFT_OPTIMIZATION_LEVEL = "-Owholemodule";
				VALIDATE_PRODUCT = YES;
			};
			name = Release;
		};
		7A796F9E1F871D1400D9658D /* Debug */ = {
			isa = XCBuildConfiguration;
			buildSettings = {
				ASSETCATALOG_COMPILER_APPICON_NAME = AppIcon;
				CODE_SIGN_ENTITLEMENTS = Schedule/Schedule.entitlements;
				CODE_SIGN_STYLE = Automatic;
				DEVELOPMENT_TEAM = 26Y8AQV29F;
				INFOPLIST_FILE = Schedule/Info.plist;
				LD_RUNPATH_SEARCH_PATHS = "$(inherited) @executable_path/Frameworks";
				PRODUCT_BUNDLE_IDENTIFIER = com.jacksonjude.BellSchedule;
				PRODUCT_NAME = "$(TARGET_NAME)";
				SWIFT_VERSION = 4.0;
				TARGETED_DEVICE_FAMILY = "1,2";
			};
			name = Debug;
		};
		7A796F9F1F871D1400D9658D /* Release */ = {
			isa = XCBuildConfiguration;
			buildSettings = {
				ASSETCATALOG_COMPILER_APPICON_NAME = AppIcon;
				CODE_SIGN_ENTITLEMENTS = Schedule/Schedule.entitlements;
				CODE_SIGN_STYLE = Automatic;
				DEVELOPMENT_TEAM = 26Y8AQV29F;
				INFOPLIST_FILE = Schedule/Info.plist;
				LD_RUNPATH_SEARCH_PATHS = "$(inherited) @executable_path/Frameworks";
				PRODUCT_BUNDLE_IDENTIFIER = com.jacksonjude.BellSchedule;
				PRODUCT_NAME = "$(TARGET_NAME)";
				SWIFT_VERSION = 4.0;
				TARGETED_DEVICE_FAMILY = "1,2";
			};
			name = Release;
		};
/* End XCBuildConfiguration section */

/* Begin XCConfigurationList section */
		7A796F831F871D1400D9658D /* Build configuration list for PBXProject "Schedule" */ = {
			isa = XCConfigurationList;
			buildConfigurations = (
				7A796F9B1F871D1400D9658D /* Debug */,
				7A796F9C1F871D1400D9658D /* Release */,
			);
			defaultConfigurationIsVisible = 0;
			defaultConfigurationName = Release;
		};
		7A796F9D1F871D1400D9658D /* Build configuration list for PBXNativeTarget "Schedule" */ = {
			isa = XCConfigurationList;
			buildConfigurations = (
				7A796F9E1F871D1400D9658D /* Debug */,
				7A796F9F1F871D1400D9658D /* Release */,
			);
			defaultConfigurationIsVisible = 0;
			defaultConfigurationName = Release;
		};
/* End XCConfigurationList section */

/* Begin XCVersionGroup section */
		7A796F921F871D1400D9658D /* Schedule.xcdatamodeld */ = {
			isa = XCVersionGroup;
			children = (
				7A796F931F871D1400D9658D /* Schedule.xcdatamodel */,
			);
			currentVersion = 7A796F931F871D1400D9658D /* Schedule.xcdatamodel */;
			path = Schedule.xcdatamodeld;
			sourceTree = "<group>";
			versionGroupType = wrapper.xcdatamodel;
		};
/* End XCVersionGroup section */
	};
	rootObject = 7A796F801F871D1400D9658D /* Project object */;
}
