// !$*UTF8*$!
{
	archiveVersion = 1;
	classes = {
	};
	objectVersion = 48;
	objects = {

/* Begin PBXBuildFile section */
		370952990F924EFA0002BD19 /* Pods_Schedule.framework in Frameworks */ = {isa = PBXBuildFile; fileRef = 88CDEA5355ACC48FB722D116 /* Pods_Schedule.framework */; };
		7A0A74641F8C281400249FAB /* CooleyCasual.ttf in Resources */ = {isa = PBXBuildFile; fileRef = 7A0A74631F8C277700249FAB /* CooleyCasual.ttf */; };
		7A15FC811FDDC7CD0012A883 /* Interface.storyboard in Resources */ = {isa = PBXBuildFile; fileRef = 7A15FC7F1FDDC7CD0012A883 /* Interface.storyboard */; };
		7A15FC831FDDC7CD0012A883 /* Assets.xcassets in Resources */ = {isa = PBXBuildFile; fileRef = 7A15FC821FDDC7CD0012A883 /* Assets.xcassets */; };
		7A15FC8A1FDDC7CD0012A883 /* ScheduleWatch Extension.appex in Embed App Extensions */ = {isa = PBXBuildFile; fileRef = 7A15FC891FDDC7CD0012A883 /* ScheduleWatch Extension.appex */; settings = {ATTRIBUTES = (RemoveHeadersOnCopy, ); }; };
		7A15FC8F1FDDC7CD0012A883 /* InterfaceController.swift in Sources */ = {isa = PBXBuildFile; fileRef = 7A15FC8E1FDDC7CD0012A883 /* InterfaceController.swift */; };
		7A15FC911FDDC7CD0012A883 /* ExtensionDelegate.swift in Sources */ = {isa = PBXBuildFile; fileRef = 7A15FC901FDDC7CD0012A883 /* ExtensionDelegate.swift */; };
		7A15FC931FDDC7CD0012A883 /* ComplicationController.swift in Sources */ = {isa = PBXBuildFile; fileRef = 7A15FC921FDDC7CD0012A883 /* ComplicationController.swift */; };
		7A15FC951FDDC7CD0012A883 /* Assets.xcassets in Resources */ = {isa = PBXBuildFile; fileRef = 7A15FC941FDDC7CD0012A883 /* Assets.xcassets */; };
		7A24189B1FC7E883000407B8 /* NotificationCenter.framework in Frameworks */ = {isa = PBXBuildFile; fileRef = 7A24189A1FC7E883000407B8 /* NotificationCenter.framework */; };
		7A24189E1FC7E883000407B8 /* TodayViewController.swift in Sources */ = {isa = PBXBuildFile; fileRef = 7A24189D1FC7E883000407B8 /* TodayViewController.swift */; };
		7A2418A11FC7E883000407B8 /* MainInterface.storyboard in Resources */ = {isa = PBXBuildFile; fileRef = 7A24189F1FC7E883000407B8 /* MainInterface.storyboard */; };
		7A2D98921F95837900288665 /* Logger.swift in Sources */ = {isa = PBXBuildFile; fileRef = 7A2D98911F95837900288665 /* Logger.swift */; };
		7A2D98941F95879B00288665 /* DeveloperViewController.swift in Sources */ = {isa = PBXBuildFile; fileRef = 7A2D98931F95879B00288665 /* DeveloperViewController.swift */; };
		7A4374631F8F252400E4BDB2 /* CalendarCollectionViewController.swift in Sources */ = {isa = PBXBuildFile; fileRef = 7A4374621F8F252400E4BDB2 /* CalendarCollectionViewController.swift */; };
		7A5687341FEC889800744A30 /* AnnouncementsTableViewController.swift in Sources */ = {isa = PBXBuildFile; fileRef = 7A5687331FEC889800744A30 /* AnnouncementsTableViewController.swift */; };
		7A5687361FEC8DF600744A30 /* AnnouncementManager.swift in Sources */ = {isa = PBXBuildFile; fileRef = 7A5687351FEC8DF600744A30 /* AnnouncementManager.swift */; };
		7A5687381FECD86800744A30 /* AnnouncementViewController.swift in Sources */ = {isa = PBXBuildFile; fileRef = 7A5687371FECD86800744A30 /* AnnouncementViewController.swift */; };
		7A61F5A11FCD0CC80060580A /* ScheduleWidget.appex in Embed App Extensions */ = {isa = PBXBuildFile; fileRef = 7A2418991FC7E883000407B8 /* ScheduleWidget.appex */; settings = {ATTRIBUTES = (RemoveHeadersOnCopy, ); }; };
		7A61F5A31FCD2FA70060580A /* Logger.swift in Sources */ = {isa = PBXBuildFile; fileRef = 7A2D98911F95837900288665 /* Logger.swift */; };
		7A61F5AA1FCD3A600060580A /* CoreDataStack.swift in Sources */ = {isa = PBXBuildFile; fileRef = 7A61F5A91FCD3A600060580A /* CoreDataStack.swift */; };
		7A61F5AB1FCD3AA80060580A /* CoreDataStack.swift in Sources */ = {isa = PBXBuildFile; fileRef = 7A61F5A91FCD3A600060580A /* CoreDataStack.swift */; };
		7A61F5AC1FCD3B600060580A /* ScheduleInfoManager.swift in Sources */ = {isa = PBXBuildFile; fileRef = 7AC0A3371F8C3EE0005E5FA3 /* ScheduleInfoManager.swift */; };
		7A61F5AD1FCD3CA10060580A /* CloudManager.swift in Sources */ = {isa = PBXBuildFile; fileRef = 7A796FA41F87250600D9658D /* CloudManager.swift */; };
		7A61F5AF1FCD3DC40060580A /* CloudKit.framework in Frameworks */ = {isa = PBXBuildFile; fileRef = 7A796FA21F871D3300D9658D /* CloudKit.framework */; };
		7A61F5B01FCD3E660060580A /* Schedule.xcdatamodeld in Sources */ = {isa = PBXBuildFile; fileRef = 7A796F921F871D1400D9658D /* Schedule.xcdatamodeld */; };
		7A796F8C1F871D1400D9658D /* AppDelegate.swift in Sources */ = {isa = PBXBuildFile; fileRef = 7A796F8B1F871D1400D9658D /* AppDelegate.swift */; };
		7A796F8E1F871D1400D9658D /* ScheduleInfoViewController.swift in Sources */ = {isa = PBXBuildFile; fileRef = 7A796F8D1F871D1400D9658D /* ScheduleInfoViewController.swift */; };
		7A796F911F871D1400D9658D /* Main.storyboard in Resources */ = {isa = PBXBuildFile; fileRef = 7A796F8F1F871D1400D9658D /* Main.storyboard */; };
		7A796F941F871D1400D9658D /* Schedule.xcdatamodeld in Sources */ = {isa = PBXBuildFile; fileRef = 7A796F921F871D1400D9658D /* Schedule.xcdatamodeld */; };
		7A796F961F871D1400D9658D /* Assets.xcassets in Resources */ = {isa = PBXBuildFile; fileRef = 7A796F951F871D1400D9658D /* Assets.xcassets */; };
		7A796F991F871D1400D9658D /* LaunchScreen.storyboard in Resources */ = {isa = PBXBuildFile; fileRef = 7A796F971F871D1400D9658D /* LaunchScreen.storyboard */; };
		7A796FA31F871D3300D9658D /* CloudKit.framework in Frameworks */ = {isa = PBXBuildFile; fileRef = 7A796FA21F871D3300D9658D /* CloudKit.framework */; };
		7A796FA51F87250600D9658D /* CloudManager.swift in Sources */ = {isa = PBXBuildFile; fileRef = 7A796FA41F87250600D9658D /* CloudManager.swift */; };
		7A9A5466218A0CD500F45B85 /* NotificationTableViewController.swift in Sources */ = {isa = PBXBuildFile; fileRef = 7A9A5465218A0CD500F45B85 /* NotificationTableViewController.swift */; };
		7A9A5469218A1B9700F45B85 /* NotificationEditorViewController.swift in Sources */ = {isa = PBXBuildFile; fileRef = 7A9A5468218A1B9700F45B85 /* NotificationEditorViewController.swift */; };
		7A9A546B218A1CA500F45B85 /* NotificationEditorState.swift in Sources */ = {isa = PBXBuildFile; fileRef = 7A9A546A218A1CA500F45B85 /* NotificationEditorState.swift */; };
		7AA09CDF1F9C4B4D006B5F08 /* Consola.ttf in Resources */ = {isa = PBXBuildFile; fileRef = 7AA09CDE1F9C4B4D006B5F08 /* Consola.ttf */; };
		7AA4B7872022A4AC00BC0A2C /* SettingsViewController.swift in Sources */ = {isa = PBXBuildFile; fileRef = 7AA4B7862022A4AC00BC0A2C /* SettingsViewController.swift */; };
		7AC0A3381F8C3EE0005E5FA3 /* ScheduleInfoManager.swift in Sources */ = {isa = PBXBuildFile; fileRef = 7AC0A3371F8C3EE0005E5FA3 /* ScheduleInfoManager.swift */; };
		7ACF12C21FEF929B007D1320 /* ScheduleNotificationManager.swift in Sources */ = {isa = PBXBuildFile; fileRef = 7ACF12C11FEF929B007D1320 /* ScheduleNotificationManager.swift */; };
		7ADFED9C1FDDC97300BFD0E1 /* CooleyCasual.ttf in Resources */ = {isa = PBXBuildFile; fileRef = 7A0A74631F8C277700249FAB /* CooleyCasual.ttf */; };
		7ADFED9D1FDDC97400BFD0E1 /* CooleyCasual.ttf in Resources */ = {isa = PBXBuildFile; fileRef = 7A0A74631F8C277700249FAB /* CooleyCasual.ttf */; };
		7ADFED9E1FDDC97400BFD0E1 /* CooleyCasual.ttf in Resources */ = {isa = PBXBuildFile; fileRef = 7A0A74631F8C277700249FAB /* CooleyCasual.ttf */; };
		7ADFED9F1FDDC97700BFD0E1 /* Consola.ttf in Resources */ = {isa = PBXBuildFile; fileRef = 7AA09CDE1F9C4B4D006B5F08 /* Consola.ttf */; };
		7ADFEDA01FDDC97700BFD0E1 /* Consola.ttf in Resources */ = {isa = PBXBuildFile; fileRef = 7AA09CDE1F9C4B4D006B5F08 /* Consola.ttf */; };
		7ADFEDA11FDDC97800BFD0E1 /* Consola.ttf in Resources */ = {isa = PBXBuildFile; fileRef = 7AA09CDE1F9C4B4D006B5F08 /* Consola.ttf */; };
		7ADFEDA21FDDC97E00BFD0E1 /* CloudManager.swift in Sources */ = {isa = PBXBuildFile; fileRef = 7A796FA41F87250600D9658D /* CloudManager.swift */; };
		7ADFEDA31FDDC98300BFD0E1 /* ScheduleInfoManager.swift in Sources */ = {isa = PBXBuildFile; fileRef = 7AC0A3371F8C3EE0005E5FA3 /* ScheduleInfoManager.swift */; };
		7ADFEDA41FDDC98800BFD0E1 /* Logger.swift in Sources */ = {isa = PBXBuildFile; fileRef = 7A2D98911F95837900288665 /* Logger.swift */; };
		7ADFEDA71FDDCB6700BFD0E1 /* CoreDataStack.swift in Sources */ = {isa = PBXBuildFile; fileRef = 7A61F5A91FCD3A600060580A /* CoreDataStack.swift */; };
		7ADFEDA81FDDCB6A00BFD0E1 /* Schedule.xcdatamodeld in Sources */ = {isa = PBXBuildFile; fileRef = 7A796F921F871D1400D9658D /* Schedule.xcdatamodeld */; };
		7ADFEDAA1FDDD00400BFD0E1 /* CloudKit.framework in Frameworks */ = {isa = PBXBuildFile; fileRef = 7ADFEDA91FDDD00400BFD0E1 /* CloudKit.framework */; };
		7AE495E21FE6F2C500AE2EB3 /* ScheduleTimesViewController.swift in Sources */ = {isa = PBXBuildFile; fileRef = 7AE495E11FE6F2C500AE2EB3 /* ScheduleTimesViewController.swift */; };
		7AF3A2501F8DC01B00C509AC /* UserScheduleTableViewController.swift in Sources */ = {isa = PBXBuildFile; fileRef = 7AF3A24F1F8DC01B00C509AC /* UserScheduleTableViewController.swift */; };
/* End PBXBuildFile section */

/* Begin PBXContainerItemProxy section */
		7A15FC8B1FDDC7CD0012A883 /* PBXContainerItemProxy */ = {
			isa = PBXContainerItemProxy;
			containerPortal = 7A796F801F871D1400D9658D /* Project object */;
			proxyType = 1;
			remoteGlobalIDString = 7A15FC881FDDC7CD0012A883;
			remoteInfo = "ScheduleWatch Extension";
		};
		7A61F59F1FCD0CC40060580A /* PBXContainerItemProxy */ = {
			isa = PBXContainerItemProxy;
			containerPortal = 7A796F801F871D1400D9658D /* Project object */;
			proxyType = 1;
			remoteGlobalIDString = 7A2418981FC7E883000407B8;
			remoteInfo = ScheduleWidget;
		};
/* End PBXContainerItemProxy section */

/* Begin PBXCopyFilesBuildPhase section */
		7A15FC9F1FDDC7CD0012A883 /* Embed App Extensions */ = {
			isa = PBXCopyFilesBuildPhase;
			buildActionMask = 2147483647;
			dstPath = "";
			dstSubfolderSpec = 13;
			files = (
				7A15FC8A1FDDC7CD0012A883 /* ScheduleWatch Extension.appex in Embed App Extensions */,
			);
			name = "Embed App Extensions";
			runOnlyForDeploymentPostprocessing = 0;
		};
		7A15FCA11FDDC7CD0012A883 /* Embed Watch Content */ = {
			isa = PBXCopyFilesBuildPhase;
			buildActionMask = 2147483647;
			dstPath = "$(CONTENTS_FOLDER_PATH)/Watch";
			dstSubfolderSpec = 16;
			files = (
			);
			name = "Embed Watch Content";
			runOnlyForDeploymentPostprocessing = 0;
		};
		7A2418A91FC7E883000407B8 /* Embed App Extensions */ = {
			isa = PBXCopyFilesBuildPhase;
			buildActionMask = 2147483647;
			dstPath = "";
			dstSubfolderSpec = 13;
			files = (
				7A61F5A11FCD0CC80060580A /* ScheduleWidget.appex in Embed App Extensions */,
			);
			name = "Embed App Extensions";
			runOnlyForDeploymentPostprocessing = 0;
		};
/* End PBXCopyFilesBuildPhase section */

/* Begin PBXFileReference section */
		0B352371E52BCB6E1CD82F84 /* Pods-Schedule.release.xcconfig */ = {isa = PBXFileReference; includeInIndex = 1; lastKnownFileType = text.xcconfig; name = "Pods-Schedule.release.xcconfig"; path = "Pods/Target Support Files/Pods-Schedule/Pods-Schedule.release.xcconfig"; sourceTree = "<group>"; };
		7A0A74631F8C277700249FAB /* CooleyCasual.ttf */ = {isa = PBXFileReference; lastKnownFileType = file; path = CooleyCasual.ttf; sourceTree = "<group>"; };
		7A15FC7D1FDDC7CD0012A883 /* ScheduleWatch.app */ = {isa = PBXFileReference; explicitFileType = wrapper.application; includeInIndex = 0; path = ScheduleWatch.app; sourceTree = BUILT_PRODUCTS_DIR; };
		7A15FC801FDDC7CD0012A883 /* Base */ = {isa = PBXFileReference; lastKnownFileType = file.storyboard; name = Base; path = Base.lproj/Interface.storyboard; sourceTree = "<group>"; };
		7A15FC821FDDC7CD0012A883 /* Assets.xcassets */ = {isa = PBXFileReference; lastKnownFileType = folder.assetcatalog; path = Assets.xcassets; sourceTree = "<group>"; };
		7A15FC841FDDC7CD0012A883 /* Info.plist */ = {isa = PBXFileReference; lastKnownFileType = text.plist.xml; path = Info.plist; sourceTree = "<group>"; };
		7A15FC891FDDC7CD0012A883 /* ScheduleWatch Extension.appex */ = {isa = PBXFileReference; explicitFileType = "wrapper.app-extension"; includeInIndex = 0; path = "ScheduleWatch Extension.appex"; sourceTree = BUILT_PRODUCTS_DIR; };
		7A15FC8E1FDDC7CD0012A883 /* InterfaceController.swift */ = {isa = PBXFileReference; lastKnownFileType = sourcecode.swift; path = InterfaceController.swift; sourceTree = "<group>"; };
		7A15FC901FDDC7CD0012A883 /* ExtensionDelegate.swift */ = {isa = PBXFileReference; lastKnownFileType = sourcecode.swift; path = ExtensionDelegate.swift; sourceTree = "<group>"; };
		7A15FC921FDDC7CD0012A883 /* ComplicationController.swift */ = {isa = PBXFileReference; lastKnownFileType = sourcecode.swift; path = ComplicationController.swift; sourceTree = "<group>"; };
		7A15FC941FDDC7CD0012A883 /* Assets.xcassets */ = {isa = PBXFileReference; lastKnownFileType = folder.assetcatalog; path = Assets.xcassets; sourceTree = "<group>"; };
		7A15FC961FDDC7CD0012A883 /* Info.plist */ = {isa = PBXFileReference; lastKnownFileType = text.plist.xml; path = Info.plist; sourceTree = "<group>"; };
		7A1D3239201585F10062989E /* Schedule2.xcdatamodel */ = {isa = PBXFileReference; lastKnownFileType = wrapper.xcdatamodel; path = Schedule2.xcdatamodel; sourceTree = "<group>"; };
		7A2418991FC7E883000407B8 /* ScheduleWidget.appex */ = {isa = PBXFileReference; explicitFileType = "wrapper.app-extension"; includeInIndex = 0; path = ScheduleWidget.appex; sourceTree = BUILT_PRODUCTS_DIR; };
		7A24189A1FC7E883000407B8 /* NotificationCenter.framework */ = {isa = PBXFileReference; lastKnownFileType = wrapper.framework; name = NotificationCenter.framework; path = System/Library/Frameworks/NotificationCenter.framework; sourceTree = SDKROOT; };
		7A24189D1FC7E883000407B8 /* TodayViewController.swift */ = {isa = PBXFileReference; lastKnownFileType = sourcecode.swift; path = TodayViewController.swift; sourceTree = "<group>"; };
		7A2418A01FC7E883000407B8 /* Base */ = {isa = PBXFileReference; lastKnownFileType = file.storyboard; name = Base; path = Base.lproj/MainInterface.storyboard; sourceTree = "<group>"; };
		7A2418A21FC7E883000407B8 /* Info.plist */ = {isa = PBXFileReference; lastKnownFileType = text.plist.xml; path = Info.plist; sourceTree = "<group>"; };
		7A2D98911F95837900288665 /* Logger.swift */ = {isa = PBXFileReference; lastKnownFileType = sourcecode.swift; path = Logger.swift; sourceTree = "<group>"; };
		7A2D98931F95879B00288665 /* DeveloperViewController.swift */ = {isa = PBXFileReference; lastKnownFileType = sourcecode.swift; path = DeveloperViewController.swift; sourceTree = "<group>"; };
		7A4374621F8F252400E4BDB2 /* CalendarCollectionViewController.swift */ = {isa = PBXFileReference; lastKnownFileType = sourcecode.swift; path = CalendarCollectionViewController.swift; sourceTree = "<group>"; };
		7A5687331FEC889800744A30 /* AnnouncementsTableViewController.swift */ = {isa = PBXFileReference; lastKnownFileType = sourcecode.swift; path = AnnouncementsTableViewController.swift; sourceTree = "<group>"; };
		7A5687351FEC8DF600744A30 /* AnnouncementManager.swift */ = {isa = PBXFileReference; lastKnownFileType = sourcecode.swift; path = AnnouncementManager.swift; sourceTree = "<group>"; };
		7A5687371FECD86800744A30 /* AnnouncementViewController.swift */ = {isa = PBXFileReference; lastKnownFileType = sourcecode.swift; path = AnnouncementViewController.swift; sourceTree = "<group>"; };
		7A61F5A91FCD3A600060580A /* CoreDataStack.swift */ = {isa = PBXFileReference; lastKnownFileType = sourcecode.swift; path = CoreDataStack.swift; sourceTree = "<group>"; };
		7A61F5AE1FCD3DC20060580A /* ScheduleWidget.entitlements */ = {isa = PBXFileReference; lastKnownFileType = text.plist.entitlements; path = ScheduleWidget.entitlements; sourceTree = "<group>"; };
		7A796F881F871D1400D9658D /* Schedule.app */ = {isa = PBXFileReference; explicitFileType = wrapper.application; includeInIndex = 0; path = Schedule.app; sourceTree = BUILT_PRODUCTS_DIR; };
		7A796F8B1F871D1400D9658D /* AppDelegate.swift */ = {isa = PBXFileReference; lastKnownFileType = sourcecode.swift; path = AppDelegate.swift; sourceTree = "<group>"; };
		7A796F8D1F871D1400D9658D /* ScheduleInfoViewController.swift */ = {isa = PBXFileReference; lastKnownFileType = sourcecode.swift; path = ScheduleInfoViewController.swift; sourceTree = "<group>"; };
		7A796F901F871D1400D9658D /* Base */ = {isa = PBXFileReference; lastKnownFileType = file.storyboard; name = Base; path = Base.lproj/Main.storyboard; sourceTree = "<group>"; };
		7A796F931F871D1400D9658D /* Schedule.xcdatamodel */ = {isa = PBXFileReference; lastKnownFileType = wrapper.xcdatamodel; path = Schedule.xcdatamodel; sourceTree = "<group>"; };
		7A796F951F871D1400D9658D /* Assets.xcassets */ = {isa = PBXFileReference; lastKnownFileType = folder.assetcatalog; path = Assets.xcassets; sourceTree = "<group>"; };
		7A796F981F871D1400D9658D /* Base */ = {isa = PBXFileReference; lastKnownFileType = file.storyboard; name = Base; path = Base.lproj/LaunchScreen.storyboard; sourceTree = "<group>"; };
		7A796F9A1F871D1400D9658D /* Info.plist */ = {isa = PBXFileReference; lastKnownFileType = text.plist.xml; path = Info.plist; sourceTree = "<group>"; };
		7A796FA01F871D2F00D9658D /* Schedule.entitlements */ = {isa = PBXFileReference; lastKnownFileType = text.plist.entitlements; path = Schedule.entitlements; sourceTree = "<group>"; };
		7A796FA21F871D3300D9658D /* CloudKit.framework */ = {isa = PBXFileReference; lastKnownFileType = wrapper.framework; name = CloudKit.framework; path = System/Library/Frameworks/CloudKit.framework; sourceTree = SDKROOT; };
		7A796FA41F87250600D9658D /* CloudManager.swift */ = {isa = PBXFileReference; lastKnownFileType = sourcecode.swift; path = CloudManager.swift; sourceTree = "<group>"; };
		7A9A5465218A0CD500F45B85 /* NotificationTableViewController.swift */ = {isa = PBXFileReference; lastKnownFileType = sourcecode.swift; path = NotificationTableViewController.swift; sourceTree = "<group>"; };
		7A9A5467218A0D1D00F45B85 /* Schedule3.xcdatamodel */ = {isa = PBXFileReference; lastKnownFileType = wrapper.xcdatamodel; path = Schedule3.xcdatamodel; sourceTree = "<group>"; };
		7A9A5468218A1B9700F45B85 /* NotificationEditorViewController.swift */ = {isa = PBXFileReference; lastKnownFileType = sourcecode.swift; path = NotificationEditorViewController.swift; sourceTree = "<group>"; };
		7A9A546A218A1CA500F45B85 /* NotificationEditorState.swift */ = {isa = PBXFileReference; lastKnownFileType = sourcecode.swift; path = NotificationEditorState.swift; sourceTree = "<group>"; };
		7AA09CDE1F9C4B4D006B5F08 /* Consola.ttf */ = {isa = PBXFileReference; lastKnownFileType = file; path = Consola.ttf; sourceTree = "<group>"; };
		7AA4B7862022A4AC00BC0A2C /* SettingsViewController.swift */ = {isa = PBXFileReference; lastKnownFileType = sourcecode.swift; path = SettingsViewController.swift; sourceTree = "<group>"; };
		7AC0A3371F8C3EE0005E5FA3 /* ScheduleInfoManager.swift */ = {isa = PBXFileReference; lastKnownFileType = sourcecode.swift; path = ScheduleInfoManager.swift; sourceTree = "<group>"; };
		7ACF12C11FEF929B007D1320 /* ScheduleNotificationManager.swift */ = {isa = PBXFileReference; lastKnownFileType = sourcecode.swift; path = ScheduleNotificationManager.swift; sourceTree = "<group>"; };
		7ADFEDA51FDDCA0700BFD0E1 /* ScheduleWatch.entitlements */ = {isa = PBXFileReference; lastKnownFileType = text.plist.entitlements; path = ScheduleWatch.entitlements; sourceTree = "<group>"; };
		7ADFEDA61FDDCA1000BFD0E1 /* ScheduleWatch Extension.entitlements */ = {isa = PBXFileReference; lastKnownFileType = text.plist.entitlements; path = "ScheduleWatch Extension.entitlements"; sourceTree = "<group>"; };
		7ADFEDA91FDDD00400BFD0E1 /* CloudKit.framework */ = {isa = PBXFileReference; lastKnownFileType = wrapper.framework; name = CloudKit.framework; path = Platforms/WatchOS.platform/Developer/SDKs/WatchOS4.2.sdk/System/Library/Frameworks/CloudKit.framework; sourceTree = DEVELOPER_DIR; };
		7AE495E11FE6F2C500AE2EB3 /* ScheduleTimesViewController.swift */ = {isa = PBXFileReference; lastKnownFileType = sourcecode.swift; path = ScheduleTimesViewController.swift; sourceTree = "<group>"; };
		7AF3A24F1F8DC01B00C509AC /* UserScheduleTableViewController.swift */ = {isa = PBXFileReference; lastKnownFileType = sourcecode.swift; path = UserScheduleTableViewController.swift; sourceTree = "<group>"; };
		88CDEA5355ACC48FB722D116 /* Pods_Schedule.framework */ = {isa = PBXFileReference; explicitFileType = wrapper.framework; includeInIndex = 0; path = Pods_Schedule.framework; sourceTree = BUILT_PRODUCTS_DIR; };
		9A304A4F351FF74274D9454E /* Pods-Schedule.debug.xcconfig */ = {isa = PBXFileReference; includeInIndex = 1; lastKnownFileType = text.xcconfig; name = "Pods-Schedule.debug.xcconfig"; path = "Pods/Target Support Files/Pods-Schedule/Pods-Schedule.debug.xcconfig"; sourceTree = "<group>"; };
/* End PBXFileReference section */

/* Begin PBXFrameworksBuildPhase section */
		7A15FC861FDDC7CD0012A883 /* Frameworks */ = {
			isa = PBXFrameworksBuildPhase;
			buildActionMask = 2147483647;
			files = (
				7ADFEDAA1FDDD00400BFD0E1 /* CloudKit.framework in Frameworks */,
			);
			runOnlyForDeploymentPostprocessing = 0;
		};
		7A2418961FC7E883000407B8 /* Frameworks */ = {
			isa = PBXFrameworksBuildPhase;
			buildActionMask = 2147483647;
			files = (
				7A24189B1FC7E883000407B8 /* NotificationCenter.framework in Frameworks */,
				7A61F5AF1FCD3DC40060580A /* CloudKit.framework in Frameworks */,
			);
			runOnlyForDeploymentPostprocessing = 0;
		};
		7A796F851F871D1400D9658D /* Frameworks */ = {
			isa = PBXFrameworksBuildPhase;
			buildActionMask = 2147483647;
			files = (
				7A796FA31F871D3300D9658D /* CloudKit.framework in Frameworks */,
				370952990F924EFA0002BD19 /* Pods_Schedule.framework in Frameworks */,
			);
			runOnlyForDeploymentPostprocessing = 0;
		};
/* End PBXFrameworksBuildPhase section */

/* Begin PBXGroup section */
		7A15FC7E1FDDC7CD0012A883 /* ScheduleWatch */ = {
			isa = PBXGroup;
			children = (
				7ADFEDA51FDDCA0700BFD0E1 /* ScheduleWatch.entitlements */,
				7A15FC7F1FDDC7CD0012A883 /* Interface.storyboard */,
				7A15FC821FDDC7CD0012A883 /* Assets.xcassets */,
				7A15FC841FDDC7CD0012A883 /* Info.plist */,
			);
			path = ScheduleWatch;
			sourceTree = "<group>";
		};
		7A15FC8D1FDDC7CD0012A883 /* ScheduleWatch Extension */ = {
			isa = PBXGroup;
			children = (
				7ADFEDA61FDDCA1000BFD0E1 /* ScheduleWatch Extension.entitlements */,
				7A15FC8E1FDDC7CD0012A883 /* InterfaceController.swift */,
				7A15FC901FDDC7CD0012A883 /* ExtensionDelegate.swift */,
				7A15FC921FDDC7CD0012A883 /* ComplicationController.swift */,
				7A15FC941FDDC7CD0012A883 /* Assets.xcassets */,
				7A15FC961FDDC7CD0012A883 /* Info.plist */,
			);
			path = "ScheduleWatch Extension";
			sourceTree = "<group>";
		};
		7A24189C1FC7E883000407B8 /* ScheduleWidget */ = {
			isa = PBXGroup;
			children = (
				7A61F5AE1FCD3DC20060580A /* ScheduleWidget.entitlements */,
				7A24189D1FC7E883000407B8 /* TodayViewController.swift */,
				7A24189F1FC7E883000407B8 /* MainInterface.storyboard */,
				7A2418A21FC7E883000407B8 /* Info.plist */,
			);
			path = ScheduleWidget;
			sourceTree = "<group>";
		};
		7A2D98951F9587AC00288665 /* Settings */ = {
			isa = PBXGroup;
			children = (
				7A2D98931F95879B00288665 /* DeveloperViewController.swift */,
				7AA4B7862022A4AC00BC0A2C /* SettingsViewController.swift */,
			);
			path = Settings;
			sourceTree = "<group>";
		};
		7A5687321FEC78FD00744A30 /* Announcement */ = {
			isa = PBXGroup;
			children = (
				7A5687331FEC889800744A30 /* AnnouncementsTableViewController.swift */,
				7A5687351FEC8DF600744A30 /* AnnouncementManager.swift */,
				7A5687371FECD86800744A30 /* AnnouncementViewController.swift */,
			);
			path = Announcement;
			sourceTree = "<group>";
		};
		7A61F5A51FCD35890060580A /* Shared */ = {
			isa = PBXGroup;
			children = (
				7AF3A24D1F8DBE0500C509AC /* Assets */,
				7AC47B361FCFC9C3009A2F38 /* CoreData */,
				7A796FA41F87250600D9658D /* CloudManager.swift */,
				7AC0A3371F8C3EE0005E5FA3 /* ScheduleInfoManager.swift */,
				7A2D98911F95837900288665 /* Logger.swift */,
			);
			path = Shared;
			sourceTree = "<group>";
		};
		7A796F7F1F871D1400D9658D = {
			isa = PBXGroup;
			children = (
				7A61F5A51FCD35890060580A /* Shared */,
				7A796F8A1F871D1400D9658D /* Schedule */,
				7A24189C1FC7E883000407B8 /* ScheduleWidget */,
				7A15FC7E1FDDC7CD0012A883 /* ScheduleWatch */,
				7A15FC8D1FDDC7CD0012A883 /* ScheduleWatch Extension */,
				7A796F891F871D1400D9658D /* Products */,
				7A796FA11F871D3300D9658D /* Frameworks */,
				91C765CB4E0D2802AF4500CB /* Pods */,
			);
			sourceTree = "<group>";
		};
		7A796F891F871D1400D9658D /* Products */ = {
			isa = PBXGroup;
			children = (
				7A796F881F871D1400D9658D /* Schedule.app */,
				7A2418991FC7E883000407B8 /* ScheduleWidget.appex */,
				7A15FC7D1FDDC7CD0012A883 /* ScheduleWatch.app */,
				7A15FC891FDDC7CD0012A883 /* ScheduleWatch Extension.appex */,
			);
			name = Products;
			sourceTree = "<group>";
		};
		7A796F8A1F871D1400D9658D /* Schedule */ = {
			isa = PBXGroup;
			children = (
				7A9A5464218A0CC200F45B85 /* Notification */,
				7A5687321FEC78FD00744A30 /* Announcement */,
				7A2D98951F9587AC00288665 /* Settings */,
				7AF3A24B1F8DBDDC00C509AC /* ScheduleInfo */,
				7AF3A24E1F8DBF7900C509AC /* UserSchedule */,
				7A796FA01F871D2F00D9658D /* Schedule.entitlements */,
				7A796F8B1F871D1400D9658D /* AppDelegate.swift */,
				7A796F8F1F871D1400D9658D /* Main.storyboard */,
				7A796F951F871D1400D9658D /* Assets.xcassets */,
				7A796F971F871D1400D9658D /* LaunchScreen.storyboard */,
				7A796F9A1F871D1400D9658D /* Info.plist */,
			);
			path = Schedule;
			sourceTree = "<group>";
		};
		7A796FA11F871D3300D9658D /* Frameworks */ = {
			isa = PBXGroup;
			children = (
				7ADFEDA91FDDD00400BFD0E1 /* CloudKit.framework */,
				7A796FA21F871D3300D9658D /* CloudKit.framework */,
				7A24189A1FC7E883000407B8 /* NotificationCenter.framework */,
				88CDEA5355ACC48FB722D116 /* Pods_Schedule.framework */,
			);
			name = Frameworks;
			sourceTree = "<group>";
		};
		7A9A5464218A0CC200F45B85 /* Notification */ = {
			isa = PBXGroup;
			children = (
				7A9A5465218A0CD500F45B85 /* NotificationTableViewController.swift */,
				7A9A5468218A1B9700F45B85 /* NotificationEditorViewController.swift */,
				7A9A546A218A1CA500F45B85 /* NotificationEditorState.swift */,
				7ACF12C11FEF929B007D1320 /* ScheduleNotificationManager.swift */,
			);
			path = Notification;
			sourceTree = "<group>";
		};
		7AC47B361FCFC9C3009A2F38 /* CoreData */ = {
			isa = PBXGroup;
			children = (
				7A61F5A91FCD3A600060580A /* CoreDataStack.swift */,
				7A796F921F871D1400D9658D /* Schedule.xcdatamodeld */,
			);
			path = CoreData;
			sourceTree = "<group>";
		};
		7AF3A24B1F8DBDDC00C509AC /* ScheduleInfo */ = {
			isa = PBXGroup;
			children = (
				7A796F8D1F871D1400D9658D /* ScheduleInfoViewController.swift */,
				7A4374621F8F252400E4BDB2 /* CalendarCollectionViewController.swift */,
				7AE495E11FE6F2C500AE2EB3 /* ScheduleTimesViewController.swift */,
			);
			path = ScheduleInfo;
			sourceTree = "<group>";
		};
		7AF3A24D1F8DBE0500C509AC /* Assets */ = {
			isa = PBXGroup;
			children = (
				7A0A74631F8C277700249FAB /* CooleyCasual.ttf */,
				7AA09CDE1F9C4B4D006B5F08 /* Consola.ttf */,
			);
			path = Assets;
			sourceTree = "<group>";
		};
		7AF3A24E1F8DBF7900C509AC /* UserSchedule */ = {
			isa = PBXGroup;
			children = (
				7AF3A24F1F8DC01B00C509AC /* UserScheduleTableViewController.swift */,
			);
			path = UserSchedule;
			sourceTree = "<group>";
		};
		91C765CB4E0D2802AF4500CB /* Pods */ = {
			isa = PBXGroup;
			children = (
				9A304A4F351FF74274D9454E /* Pods-Schedule.debug.xcconfig */,
				0B352371E52BCB6E1CD82F84 /* Pods-Schedule.release.xcconfig */,
			);
			name = Pods;
			sourceTree = "<group>";
		};
/* End PBXGroup section */

/* Begin PBXNativeTarget section */
		7A15FC7C1FDDC7CD0012A883 /* ScheduleWatch */ = {
			isa = PBXNativeTarget;
			buildConfigurationList = 7A15FCA01FDDC7CD0012A883 /* Build configuration list for PBXNativeTarget "ScheduleWatch" */;
			buildPhases = (
				7A15FC7B1FDDC7CD0012A883 /* Resources */,
				7A15FC9F1FDDC7CD0012A883 /* Embed App Extensions */,
			);
			buildRules = (
			);
			dependencies = (
				7A15FC8C1FDDC7CD0012A883 /* PBXTargetDependency */,
			);
			name = ScheduleWatch;
			productName = ScheduleWatch;
			productReference = 7A15FC7D1FDDC7CD0012A883 /* ScheduleWatch.app */;
			productType = "com.apple.product-type.application.watchapp2";
		};
		7A15FC881FDDC7CD0012A883 /* ScheduleWatch Extension */ = {
			isa = PBXNativeTarget;
			buildConfigurationList = 7A15FC9E1FDDC7CD0012A883 /* Build configuration list for PBXNativeTarget "ScheduleWatch Extension" */;
			buildPhases = (
				7A15FC851FDDC7CD0012A883 /* Sources */,
				7A15FC861FDDC7CD0012A883 /* Frameworks */,
				7A15FC871FDDC7CD0012A883 /* Resources */,
			);
			buildRules = (
			);
			dependencies = (
			);
			name = "ScheduleWatch Extension";
			productName = "ScheduleWatch Extension";
			productReference = 7A15FC891FDDC7CD0012A883 /* ScheduleWatch Extension.appex */;
			productType = "com.apple.product-type.watchkit2-extension";
		};
		7A2418981FC7E883000407B8 /* ScheduleWidget */ = {
			isa = PBXNativeTarget;
			buildConfigurationList = 7A2418A81FC7E883000407B8 /* Build configuration list for PBXNativeTarget "ScheduleWidget" */;
			buildPhases = (
				7A2418951FC7E883000407B8 /* Sources */,
				7A2418961FC7E883000407B8 /* Frameworks */,
				7A2418971FC7E883000407B8 /* Resources */,
			);
			buildRules = (
			);
			dependencies = (
			);
			name = ScheduleWidget;
			productName = ScheduleWidget;
			productReference = 7A2418991FC7E883000407B8 /* ScheduleWidget.appex */;
			productType = "com.apple.product-type.app-extension";
		};
		7A796F871F871D1400D9658D /* Schedule */ = {
			isa = PBXNativeTarget;
			buildConfigurationList = 7A796F9D1F871D1400D9658D /* Build configuration list for PBXNativeTarget "Schedule" */;
			buildPhases = (
				2E2AF9B9BDA260446DBF4F34 /* [CP] Check Pods Manifest.lock */,
				7A796F841F871D1400D9658D /* Sources */,
				7A796F851F871D1400D9658D /* Frameworks */,
				7A796F861F871D1400D9658D /* Resources */,
				7A2418A91FC7E883000407B8 /* Embed App Extensions */,
				C25D63DE2E0D747580CE08E1 /* [CP] Embed Pods Frameworks */,
				F39AADB421935E2A732096DC /* [CP] Copy Pods Resources */,
				7A15FCA11FDDC7CD0012A883 /* Embed Watch Content */,
			);
			buildRules = (
			);
			dependencies = (
				7A61F5A01FCD0CC40060580A /* PBXTargetDependency */,
			);
			name = Schedule;
			productName = Schedule;
			productReference = 7A796F881F871D1400D9658D /* Schedule.app */;
			productType = "com.apple.product-type.application";
		};
/* End PBXNativeTarget section */

/* Begin PBXProject section */
		7A796F801F871D1400D9658D /* Project object */ = {
			isa = PBXProject;
			attributes = {
				LastSwiftUpdateCheck = 0920;
				LastUpgradeCheck = 0930;
				ORGANIZATIONNAME = jackson;
				TargetAttributes = {
					7A15FC7C1FDDC7CD0012A883 = {
						CreatedOnToolsVersion = 9.2;
						ProvisioningStyle = Automatic;
						SystemCapabilities = {
							com.apple.ApplicationGroups.iOS = {
								enabled = 0;
							};
						};
					};
					7A15FC881FDDC7CD0012A883 = {
						CreatedOnToolsVersion = 9.2;
						ProvisioningStyle = Automatic;
						SystemCapabilities = {
							com.apple.ApplicationGroups.iOS = {
								enabled = 1;
							};
							com.apple.Push = {
								enabled = 1;
							};
							com.apple.iCloud = {
								enabled = 1;
							};
						};
					};
					7A2418981FC7E883000407B8 = {
						CreatedOnToolsVersion = 9.1;
						LastSwiftMigration = 1010;
						ProvisioningStyle = Automatic;
						SystemCapabilities = {
							com.apple.ApplicationGroups.iOS = {
								enabled = 1;
							};
							com.apple.Push = {
								enabled = 1;
							};
							com.apple.iCloud = {
								enabled = 1;
							};
						};
					};
					7A796F871F871D1400D9658D = {
						CreatedOnToolsVersion = 9.0;
						LastSwiftMigration = 1010;
						ProvisioningStyle = Automatic;
						SystemCapabilities = {
							com.apple.ApplicationGroups.iOS = {
								enabled = 1;
							};
							com.apple.BackgroundModes = {
								enabled = 1;
							};
							com.apple.Push = {
								enabled = 1;
							};
							com.apple.iCloud = {
								enabled = 1;
							};
						};
					};
				};
			};
			buildConfigurationList = 7A796F831F871D1400D9658D /* Build configuration list for PBXProject "Schedule" */;
			compatibilityVersion = "Xcode 8.0";
			developmentRegion = en;
			hasScannedForEncodings = 0;
			knownRegions = (
				en,
				Base,
			);
			mainGroup = 7A796F7F1F871D1400D9658D;
			productRefGroup = 7A796F891F871D1400D9658D /* Products */;
			projectDirPath = "";
			projectRoot = "";
			targets = (
				7A796F871F871D1400D9658D /* Schedule */,
				7A2418981FC7E883000407B8 /* ScheduleWidget */,
				7A15FC7C1FDDC7CD0012A883 /* ScheduleWatch */,
				7A15FC881FDDC7CD0012A883 /* ScheduleWatch Extension */,
			);
		};
/* End PBXProject section */

/* Begin PBXResourcesBuildPhase section */
		7A15FC7B1FDDC7CD0012A883 /* Resources */ = {
			isa = PBXResourcesBuildPhase;
			buildActionMask = 2147483647;
			files = (
				7ADFED9D1FDDC97400BFD0E1 /* CooleyCasual.ttf in Resources */,
				7A15FC831FDDC7CD0012A883 /* Assets.xcassets in Resources */,
				7ADFEDA01FDDC97700BFD0E1 /* Consola.ttf in Resources */,
				7A15FC811FDDC7CD0012A883 /* Interface.storyboard in Resources */,
			);
			runOnlyForDeploymentPostprocessing = 0;
		};
		7A15FC871FDDC7CD0012A883 /* Resources */ = {
			isa = PBXResourcesBuildPhase;
			buildActionMask = 2147483647;
			files = (
				7ADFEDA11FDDC97800BFD0E1 /* Consola.ttf in Resources */,
				7ADFED9E1FDDC97400BFD0E1 /* CooleyCasual.ttf in Resources */,
				7A15FC951FDDC7CD0012A883 /* Assets.xcassets in Resources */,
			);
			runOnlyForDeploymentPostprocessing = 0;
		};
		7A2418971FC7E883000407B8 /* Resources */ = {
			isa = PBXResourcesBuildPhase;
			buildActionMask = 2147483647;
			files = (
				7ADFED9F1FDDC97700BFD0E1 /* Consola.ttf in Resources */,
				7ADFED9C1FDDC97300BFD0E1 /* CooleyCasual.ttf in Resources */,
				7A2418A11FC7E883000407B8 /* MainInterface.storyboard in Resources */,
			);
			runOnlyForDeploymentPostprocessing = 0;
		};
		7A796F861F871D1400D9658D /* Resources */ = {
			isa = PBXResourcesBuildPhase;
			buildActionMask = 2147483647;
			files = (
				7AA09CDF1F9C4B4D006B5F08 /* Consola.ttf in Resources */,
				7A0A74641F8C281400249FAB /* CooleyCasual.ttf in Resources */,
				7A796F991F871D1400D9658D /* LaunchScreen.storyboard in Resources */,
				7A796F961F871D1400D9658D /* Assets.xcassets in Resources */,
				7A796F911F871D1400D9658D /* Main.storyboard in Resources */,
			);
			runOnlyForDeploymentPostprocessing = 0;
		};
/* End PBXResourcesBuildPhase section */

/* Begin PBXShellScriptBuildPhase section */
		2E2AF9B9BDA260446DBF4F34 /* [CP] Check Pods Manifest.lock */ = {
			isa = PBXShellScriptBuildPhase;
			buildActionMask = 2147483647;
			files = (
			);
			inputPaths = (
				"${PODS_PODFILE_DIR_PATH}/Podfile.lock",
				"${PODS_ROOT}/Manifest.lock",
			);
			name = "[CP] Check Pods Manifest.lock";
			outputPaths = (
				"$(DERIVED_FILE_DIR)/Pods-Schedule-checkManifestLockResult.txt",
			);
			runOnlyForDeploymentPostprocessing = 0;
			shellPath = /bin/sh;
			shellScript = "diff \"${PODS_PODFILE_DIR_PATH}/Podfile.lock\" \"${PODS_ROOT}/Manifest.lock\" > /dev/null\nif [ $? != 0 ] ; then\n    # print error to STDERR\n    echo \"error: The sandbox is not in sync with the Podfile.lock. Run 'pod install' or update your CocoaPods installation.\" >&2\n    exit 1\nfi\n# This output is used by Xcode 'outputs' to avoid re-running this script phase.\necho \"SUCCESS\" > \"${SCRIPT_OUTPUT_FILE_0}\"\n";
			showEnvVarsInLog = 0;
		};
		C25D63DE2E0D747580CE08E1 /* [CP] Embed Pods Frameworks */ = {
			isa = PBXShellScriptBuildPhase;
			buildActionMask = 2147483647;
			files = (
			);
			inputPaths = (
				"${SRCROOT}/Pods/Target Support Files/Pods-Schedule/Pods-Schedule-frameworks.sh",
				"${BUILT_PRODUCTS_DIR}/MTMigration/MTMigration.framework",
			);
			name = "[CP] Embed Pods Frameworks";
			outputPaths = (
				"${TARGET_BUILD_DIR}/${FRAMEWORKS_FOLDER_PATH}/MTMigration.framework",
			);
			runOnlyForDeploymentPostprocessing = 0;
			shellPath = /bin/sh;
			shellScript = "\"${SRCROOT}/Pods/Target Support Files/Pods-Schedule/Pods-Schedule-frameworks.sh\"\n";
			showEnvVarsInLog = 0;
		};
		F39AADB421935E2A732096DC /* [CP] Copy Pods Resources */ = {
			isa = PBXShellScriptBuildPhase;
			buildActionMask = 2147483647;
			files = (
			);
			inputPaths = (
			);
			name = "[CP] Copy Pods Resources";
			outputPaths = (
			);
			runOnlyForDeploymentPostprocessing = 0;
			shellPath = /bin/sh;
			shellScript = "\"${SRCROOT}/Pods/Target Support Files/Pods-Schedule/Pods-Schedule-resources.sh\"\n";
			showEnvVarsInLog = 0;
		};
/* End PBXShellScriptBuildPhase section */

/* Begin PBXSourcesBuildPhase section */
		7A15FC851FDDC7CD0012A883 /* Sources */ = {
			isa = PBXSourcesBuildPhase;
			buildActionMask = 2147483647;
			files = (
				7ADFEDA71FDDCB6700BFD0E1 /* CoreDataStack.swift in Sources */,
				7A15FC911FDDC7CD0012A883 /* ExtensionDelegate.swift in Sources */,
				7ADFEDA81FDDCB6A00BFD0E1 /* Schedule.xcdatamodeld in Sources */,
				7ADFEDA41FDDC98800BFD0E1 /* Logger.swift in Sources */,
				7ADFEDA31FDDC98300BFD0E1 /* ScheduleInfoManager.swift in Sources */,
				7A15FC8F1FDDC7CD0012A883 /* InterfaceController.swift in Sources */,
				7A15FC931FDDC7CD0012A883 /* ComplicationController.swift in Sources */,
				7ADFEDA21FDDC97E00BFD0E1 /* CloudManager.swift in Sources */,
			);
			runOnlyForDeploymentPostprocessing = 0;
		};
		7A2418951FC7E883000407B8 /* Sources */ = {
			isa = PBXSourcesBuildPhase;
			buildActionMask = 2147483647;
			files = (
				7A61F5AC1FCD3B600060580A /* ScheduleInfoManager.swift in Sources */,
				7A61F5A31FCD2FA70060580A /* Logger.swift in Sources */,
				7A61F5B01FCD3E660060580A /* Schedule.xcdatamodeld in Sources */,
				7A61F5AD1FCD3CA10060580A /* CloudManager.swift in Sources */,
				7A24189E1FC7E883000407B8 /* TodayViewController.swift in Sources */,
				7A61F5AB1FCD3AA80060580A /* CoreDataStack.swift in Sources */,
			);
			runOnlyForDeploymentPostprocessing = 0;
		};
		7A796F841F871D1400D9658D /* Sources */ = {
			isa = PBXSourcesBuildPhase;
			buildActionMask = 2147483647;
			files = (
				7A4374631F8F252400E4BDB2 /* CalendarCollectionViewController.swift in Sources */,
				7ACF12C21FEF929B007D1320 /* ScheduleNotificationManager.swift in Sources */,
				7A796F8E1F871D1400D9658D /* ScheduleInfoViewController.swift in Sources */,
				7AC0A3381F8C3EE0005E5FA3 /* ScheduleInfoManager.swift in Sources */,
				7A9A5466218A0CD500F45B85 /* NotificationTableViewController.swift in Sources */,
				7A796F941F871D1400D9658D /* Schedule.xcdatamodeld in Sources */,
				7A796FA51F87250600D9658D /* CloudManager.swift in Sources */,
				7A61F5AA1FCD3A600060580A /* CoreDataStack.swift in Sources */,
				7AA4B7872022A4AC00BC0A2C /* SettingsViewController.swift in Sources */,
				7A5687341FEC889800744A30 /* AnnouncementsTableViewController.swift in Sources */,
				7A796F8C1F871D1400D9658D /* AppDelegate.swift in Sources */,
				7A5687361FEC8DF600744A30 /* AnnouncementManager.swift in Sources */,
				7A9A546B218A1CA500F45B85 /* NotificationEditorState.swift in Sources */,
				7AE495E21FE6F2C500AE2EB3 /* ScheduleTimesViewController.swift in Sources */,
				7A5687381FECD86800744A30 /* AnnouncementViewController.swift in Sources */,
				7A9A5469218A1B9700F45B85 /* NotificationEditorViewController.swift in Sources */,
				7AF3A2501F8DC01B00C509AC /* UserScheduleTableViewController.swift in Sources */,
				7A2D98921F95837900288665 /* Logger.swift in Sources */,
				7A2D98941F95879B00288665 /* DeveloperViewController.swift in Sources */,
			);
			runOnlyForDeploymentPostprocessing = 0;
		};
/* End PBXSourcesBuildPhase section */

/* Begin PBXTargetDependency section */
		7A15FC8C1FDDC7CD0012A883 /* PBXTargetDependency */ = {
			isa = PBXTargetDependency;
			target = 7A15FC881FDDC7CD0012A883 /* ScheduleWatch Extension */;
			targetProxy = 7A15FC8B1FDDC7CD0012A883 /* PBXContainerItemProxy */;
		};
		7A61F5A01FCD0CC40060580A /* PBXTargetDependency */ = {
			isa = PBXTargetDependency;
			target = 7A2418981FC7E883000407B8 /* ScheduleWidget */;
			targetProxy = 7A61F59F1FCD0CC40060580A /* PBXContainerItemProxy */;
		};
/* End PBXTargetDependency section */

/* Begin PBXVariantGroup section */
		7A15FC7F1FDDC7CD0012A883 /* Interface.storyboard */ = {
			isa = PBXVariantGroup;
			children = (
				7A15FC801FDDC7CD0012A883 /* Base */,
			);
			name = Interface.storyboard;
			sourceTree = "<group>";
		};
		7A24189F1FC7E883000407B8 /* MainInterface.storyboard */ = {
			isa = PBXVariantGroup;
			children = (
				7A2418A01FC7E883000407B8 /* Base */,
			);
			name = MainInterface.storyboard;
			sourceTree = "<group>";
		};
		7A796F8F1F871D1400D9658D /* Main.storyboard */ = {
			isa = PBXVariantGroup;
			children = (
				7A796F901F871D1400D9658D /* Base */,
			);
			name = Main.storyboard;
			sourceTree = "<group>";
		};
		7A796F971F871D1400D9658D /* LaunchScreen.storyboard */ = {
			isa = PBXVariantGroup;
			children = (
				7A796F981F871D1400D9658D /* Base */,
			);
			name = LaunchScreen.storyboard;
			sourceTree = "<group>";
		};
/* End PBXVariantGroup section */

/* Begin XCBuildConfiguration section */
		7A15FC9A1FDDC7CD0012A883 /* Debug */ = {
			isa = XCBuildConfiguration;
			buildSettings = {
				ALWAYS_EMBED_SWIFT_STANDARD_LIBRARIES = YES;
				ASSETCATALOG_COMPILER_APPICON_NAME = AppIcon;
				CODE_SIGN_STYLE = Automatic;
				DEVELOPMENT_TEAM = 26Y8AQV29F;
				IBSC_MODULE = ScheduleWatch_Extension;
				INFOPLIST_FILE = ScheduleWatch/Info.plist;
				PRODUCT_BUNDLE_IDENTIFIER = com.jacksonjude.BellSchedule.watchkitapp;
				PRODUCT_NAME = "$(TARGET_NAME)";
				SDKROOT = watchos;
				SKIP_INSTALL = YES;
				SWIFT_VERSION = 4.0;
				TARGETED_DEVICE_FAMILY = 4;
				WATCHOS_DEPLOYMENT_TARGET = 4.2;
			};
			name = Debug;
		};
		7A15FC9B1FDDC7CD0012A883 /* Release */ = {
			isa = XCBuildConfiguration;
			buildSettings = {
				ALWAYS_EMBED_SWIFT_STANDARD_LIBRARIES = YES;
				ASSETCATALOG_COMPILER_APPICON_NAME = AppIcon;
				CODE_SIGN_STYLE = Automatic;
				DEVELOPMENT_TEAM = 26Y8AQV29F;
				IBSC_MODULE = ScheduleWatch_Extension;
				INFOPLIST_FILE = ScheduleWatch/Info.plist;
				PRODUCT_BUNDLE_IDENTIFIER = com.jacksonjude.BellSchedule.watchkitapp;
				PRODUCT_NAME = "$(TARGET_NAME)";
				SDKROOT = watchos;
				SKIP_INSTALL = YES;
				SWIFT_VERSION = 4.0;
				TARGETED_DEVICE_FAMILY = 4;
				WATCHOS_DEPLOYMENT_TARGET = 4.2;
			};
			name = Release;
		};
		7A15FC9C1FDDC7CD0012A883 /* Debug */ = {
			isa = XCBuildConfiguration;
			buildSettings = {
				ASSETCATALOG_COMPILER_COMPLICATION_NAME = Complication;
				CODE_SIGN_ENTITLEMENTS = "ScheduleWatch Extension/ScheduleWatch Extension.entitlements";
				CODE_SIGN_STYLE = Automatic;
				DEVELOPMENT_TEAM = 26Y8AQV29F;
				INFOPLIST_FILE = "ScheduleWatch Extension/Info.plist";
				LD_RUNPATH_SEARCH_PATHS = "$(inherited) @executable_path/Frameworks @executable_path/../../Frameworks";
				PRODUCT_BUNDLE_IDENTIFIER = com.jacksonjude.BellSchedule.watchkitapp.watchkitextension;
				PRODUCT_NAME = "${TARGET_NAME}";
				SDKROOT = watchos;
				SKIP_INSTALL = YES;
				SWIFT_VERSION = 4.0;
				TARGETED_DEVICE_FAMILY = 4;
				WATCHOS_DEPLOYMENT_TARGET = 4.2;
			};
			name = Debug;
		};
		7A15FC9D1FDDC7CD0012A883 /* Release */ = {
			isa = XCBuildConfiguration;
			buildSettings = {
				ASSETCATALOG_COMPILER_COMPLICATION_NAME = Complication;
				CODE_SIGN_ENTITLEMENTS = "ScheduleWatch Extension/ScheduleWatch Extension.entitlements";
				CODE_SIGN_STYLE = Automatic;
				DEVELOPMENT_TEAM = 26Y8AQV29F;
				INFOPLIST_FILE = "ScheduleWatch Extension/Info.plist";
				LD_RUNPATH_SEARCH_PATHS = "$(inherited) @executable_path/Frameworks @executable_path/../../Frameworks";
				PRODUCT_BUNDLE_IDENTIFIER = com.jacksonjude.BellSchedule.watchkitapp.watchkitextension;
				PRODUCT_NAME = "${TARGET_NAME}";
				SDKROOT = watchos;
				SKIP_INSTALL = YES;
				SWIFT_VERSION = 4.0;
				TARGETED_DEVICE_FAMILY = 4;
				WATCHOS_DEPLOYMENT_TARGET = 4.2;
			};
			name = Release;
		};
		7A2418A61FC7E883000407B8 /* Debug */ = {
			isa = XCBuildConfiguration;
			buildSettings = {
				CODE_SIGN_ENTITLEMENTS = ScheduleWidget/ScheduleWidget.entitlements;
				CODE_SIGN_STYLE = Automatic;
				DEVELOPMENT_TEAM = 26Y8AQV29F;
				INFOPLIST_FILE = ScheduleWidget/Info.plist;
				IPHONEOS_DEPLOYMENT_TARGET = 11.1;
				LD_RUNPATH_SEARCH_PATHS = "$(inherited) @executable_path/Frameworks @executable_path/../../Frameworks";
				PRODUCT_BUNDLE_IDENTIFIER = com.jacksonjude.BellSchedule.ScheduleWidget;
				PRODUCT_NAME = "$(TARGET_NAME)";
				SKIP_INSTALL = YES;
				SWIFT_VERSION = 4.2;
				TARGETED_DEVICE_FAMILY = "1,2";
			};
			name = Debug;
		};
		7A2418A71FC7E883000407B8 /* Release */ = {
			isa = XCBuildConfiguration;
			buildSettings = {
				CODE_SIGN_ENTITLEMENTS = ScheduleWidget/ScheduleWidget.entitlements;
				CODE_SIGN_STYLE = Automatic;
				DEVELOPMENT_TEAM = 26Y8AQV29F;
				INFOPLIST_FILE = ScheduleWidget/Info.plist;
				IPHONEOS_DEPLOYMENT_TARGET = 11.1;
				LD_RUNPATH_SEARCH_PATHS = "$(inherited) @executable_path/Frameworks @executable_path/../../Frameworks";
				PRODUCT_BUNDLE_IDENTIFIER = com.jacksonjude.BellSchedule.ScheduleWidget;
				PRODUCT_NAME = "$(TARGET_NAME)";
				SKIP_INSTALL = YES;
				SWIFT_VERSION = 4.2;
				TARGETED_DEVICE_FAMILY = "1,2";
			};
			name = Release;
		};
		7A796F9B1F871D1400D9658D /* Debug */ = {
			isa = XCBuildConfiguration;
			buildSettings = {
				ALWAYS_SEARCH_USER_PATHS = NO;
				CLANG_ANALYZER_NONNULL = YES;
				CLANG_ANALYZER_NUMBER_OBJECT_CONVERSION = YES_AGGRESSIVE;
				CLANG_CXX_LANGUAGE_STANDARD = "gnu++14";
				CLANG_CXX_LIBRARY = "libc++";
				CLANG_ENABLE_MODULES = YES;
				CLANG_ENABLE_OBJC_ARC = YES;
				CLANG_WARN_BLOCK_CAPTURE_AUTORELEASING = YES;
				CLANG_WARN_BOOL_CONVERSION = YES;
				CLANG_WARN_COMMA = YES;
				CLANG_WARN_CONSTANT_CONVERSION = YES;
				CLANG_WARN_DEPRECATED_OBJC_IMPLEMENTATIONS = YES;
				CLANG_WARN_DIRECT_OBJC_ISA_USAGE = YES_ERROR;
				CLANG_WARN_DOCUMENTATION_COMMENTS = YES;
				CLANG_WARN_EMPTY_BODY = YES;
				CLANG_WARN_ENUM_CONVERSION = YES;
				CLANG_WARN_INFINITE_RECURSION = YES;
				CLANG_WARN_INT_CONVERSION = YES;
				CLANG_WARN_NON_LITERAL_NULL_CONVERSION = YES;
				CLANG_WARN_OBJC_IMPLICIT_RETAIN_SELF = YES;
				CLANG_WARN_OBJC_LITERAL_CONVERSION = YES;
				CLANG_WARN_OBJC_ROOT_CLASS = YES_ERROR;
				CLANG_WARN_RANGE_LOOP_ANALYSIS = YES;
				CLANG_WARN_STRICT_PROTOTYPES = YES;
				CLANG_WARN_SUSPICIOUS_MOVE = YES;
				CLANG_WARN_UNGUARDED_AVAILABILITY = YES_AGGRESSIVE;
				CLANG_WARN_UNREACHABLE_CODE = YES;
				CLANG_WARN__DUPLICATE_METHOD_MATCH = YES;
				CODE_SIGN_IDENTITY = "iPhone Developer";
				COPY_PHASE_STRIP = NO;
				DEBUG_INFORMATION_FORMAT = dwarf;
				ENABLE_STRICT_OBJC_MSGSEND = YES;
				ENABLE_TESTABILITY = YES;
				GCC_C_LANGUAGE_STANDARD = gnu11;
				GCC_DYNAMIC_NO_PIC = NO;
				GCC_NO_COMMON_BLOCKS = YES;
				GCC_OPTIMIZATION_LEVEL = 0;
				GCC_PREPROCESSOR_DEFINITIONS = (
					"DEBUG=1",
					"$(inherited)",
				);
				GCC_WARN_64_TO_32_BIT_CONVERSION = YES;
				GCC_WARN_ABOUT_RETURN_TYPE = YES_ERROR;
				GCC_WARN_UNDECLARED_SELECTOR = YES;
				GCC_WARN_UNINITIALIZED_AUTOS = YES_AGGRESSIVE;
				GCC_WARN_UNUSED_FUNCTION = YES;
				GCC_WARN_UNUSED_VARIABLE = YES;
				IBSC_ERRORS = YES;
				IBSC_NOTICES = YES;
				IBSC_WARNINGS = YES;
				IPHONEOS_DEPLOYMENT_TARGET = 11.0;
				MTL_ENABLE_DEBUG_INFO = YES;
				ONLY_ACTIVE_ARCH = YES;
				SDKROOT = iphoneos;
				SWIFT_ACTIVE_COMPILATION_CONDITIONS = DEBUG;
				SWIFT_OPTIMIZATION_LEVEL = "-Onone";
			};
			name = Debug;
		};
		7A796F9C1F871D1400D9658D /* Release */ = {
			isa = XCBuildConfiguration;
			buildSettings = {
				ALWAYS_SEARCH_USER_PATHS = NO;
				CLANG_ANALYZER_NONNULL = YES;
				CLANG_ANALYZER_NUMBER_OBJECT_CONVERSION = YES_AGGRESSIVE;
				CLANG_CXX_LANGUAGE_STANDARD = "gnu++14";
				CLANG_CXX_LIBRARY = "libc++";
				CLANG_ENABLE_MODULES = YES;
				CLANG_ENABLE_OBJC_ARC = YES;
				CLANG_WARN_BLOCK_CAPTURE_AUTORELEASING = YES;
				CLANG_WARN_BOOL_CONVERSION = YES;
				CLANG_WARN_COMMA = YES;
				CLANG_WARN_CONSTANT_CONVERSION = YES;
				CLANG_WARN_DEPRECATED_OBJC_IMPLEMENTATIONS = YES;
				CLANG_WARN_DIRECT_OBJC_ISA_USAGE = YES_ERROR;
				CLANG_WARN_DOCUMENTATION_COMMENTS = YES;
				CLANG_WARN_EMPTY_BODY = YES;
				CLANG_WARN_ENUM_CONVERSION = YES;
				CLANG_WARN_INFINITE_RECURSION = YES;
				CLANG_WARN_INT_CONVERSION = YES;
				CLANG_WARN_NON_LITERAL_NULL_CONVERSION = YES;
				CLANG_WARN_OBJC_IMPLICIT_RETAIN_SELF = YES;
				CLANG_WARN_OBJC_LITERAL_CONVERSION = YES;
				CLANG_WARN_OBJC_ROOT_CLASS = YES_ERROR;
				CLANG_WARN_RANGE_LOOP_ANALYSIS = YES;
				CLANG_WARN_STRICT_PROTOTYPES = YES;
				CLANG_WARN_SUSPICIOUS_MOVE = YES;
				CLANG_WARN_UNGUARDED_AVAILABILITY = YES_AGGRESSIVE;
				CLANG_WARN_UNREACHABLE_CODE = YES;
				CLANG_WARN__DUPLICATE_METHOD_MATCH = YES;
				CODE_SIGN_IDENTITY = "iPhone Developer";
				COPY_PHASE_STRIP = NO;
				DEBUG_INFORMATION_FORMAT = "dwarf-with-dsym";
				ENABLE_NS_ASSERTIONS = NO;
				ENABLE_STRICT_OBJC_MSGSEND = YES;
				GCC_C_LANGUAGE_STANDARD = gnu11;
				GCC_NO_COMMON_BLOCKS = YES;
				GCC_WARN_64_TO_32_BIT_CONVERSION = YES;
				GCC_WARN_ABOUT_RETURN_TYPE = YES_ERROR;
				GCC_WARN_UNDECLARED_SELECTOR = YES;
				GCC_WARN_UNINITIALIZED_AUTOS = YES_AGGRESSIVE;
				GCC_WARN_UNUSED_FUNCTION = YES;
				GCC_WARN_UNUSED_VARIABLE = YES;
				IBSC_ERRORS = YES;
				IBSC_NOTICES = YES;
				IBSC_WARNINGS = YES;
				IPHONEOS_DEPLOYMENT_TARGET = 11.0;
				MTL_ENABLE_DEBUG_INFO = NO;
				SDKROOT = iphoneos;
				SWIFT_OPTIMIZATION_LEVEL = "-Owholemodule";
				VALIDATE_PRODUCT = YES;
			};
			name = Release;
		};
		7A796F9E1F871D1400D9658D /* Debug */ = {
			isa = XCBuildConfiguration;
			baseConfigurationReference = 9A304A4F351FF74274D9454E /* Pods-Schedule.debug.xcconfig */;
			buildSettings = {
				ALWAYS_EMBED_SWIFT_STANDARD_LIBRARIES = YES;
				ASSETCATALOG_COMPILER_APPICON_NAME = AppIcon;
				CODE_SIGN_ENTITLEMENTS = Schedule/Schedule.entitlements;
				CODE_SIGN_STYLE = Automatic;
				DEVELOPMENT_TEAM = 26Y8AQV29F;
				INFOPLIST_FILE = Schedule/Info.plist;
				IPHONEOS_DEPLOYMENT_TARGET = 10.0;
				LD_RUNPATH_SEARCH_PATHS = "$(inherited) @executable_path/Frameworks";
				PRODUCT_BUNDLE_IDENTIFIER = com.jacksonjude.BellSchedule;
				PRODUCT_NAME = "$(TARGET_NAME)";
				SWIFT_VERSION = 4.2;
				TARGETED_DEVICE_FAMILY = 1;
			};
			name = Debug;
		};
		7A796F9F1F871D1400D9658D /* Release */ = {
			isa = XCBuildConfiguration;
			baseConfigurationReference = 0B352371E52BCB6E1CD82F84 /* Pods-Schedule.release.xcconfig */;
			buildSettings = {
				ALWAYS_EMBED_SWIFT_STANDARD_LIBRARIES = YES;
				ASSETCATALOG_COMPILER_APPICON_NAME = AppIcon;
				CODE_SIGN_ENTITLEMENTS = Schedule/Schedule.entitlements;
				CODE_SIGN_STYLE = Automatic;
				DEVELOPMENT_TEAM = 26Y8AQV29F;
				INFOPLIST_FILE = Schedule/Info.plist;
				IPHONEOS_DEPLOYMENT_TARGET = 10.0;
				LD_RUNPATH_SEARCH_PATHS = "$(inherited) @executable_path/Frameworks";
				PRODUCT_BUNDLE_IDENTIFIER = com.jacksonjude.BellSchedule;
				PRODUCT_NAME = "$(TARGET_NAME)";
				SWIFT_VERSION = 4.2;
				TARGETED_DEVICE_FAMILY = 1;
			};
			name = Release;
		};
/* End XCBuildConfiguration section */

/* Begin XCConfigurationList section */
		7A15FC9E1FDDC7CD0012A883 /* Build configuration list for PBXNativeTarget "ScheduleWatch Extension" */ = {
			isa = XCConfigurationList;
			buildConfigurations = (
				7A15FC9C1FDDC7CD0012A883 /* Debug */,
				7A15FC9D1FDDC7CD0012A883 /* Release */,
			);
			defaultConfigurationIsVisible = 0;
			defaultConfigurationName = Release;
		};
		7A15FCA01FDDC7CD0012A883 /* Build configuration list for PBXNativeTarget "ScheduleWatch" */ = {
			isa = XCConfigurationList;
			buildConfigurations = (
				7A15FC9A1FDDC7CD0012A883 /* Debug */,
				7A15FC9B1FDDC7CD0012A883 /* Release */,
			);
			defaultConfigurationIsVisible = 0;
			defaultConfigurationName = Release;
		};
		7A2418A81FC7E883000407B8 /* Build configuration list for PBXNativeTarget "ScheduleWidget" */ = {
			isa = XCConfigurationList;
			buildConfigurations = (
				7A2418A61FC7E883000407B8 /* Debug */,
				7A2418A71FC7E883000407B8 /* Release */,
			);
			defaultConfigurationIsVisible = 0;
			defaultConfigurationName = Release;
		};
		7A796F831F871D1400D9658D /* Build configuration list for PBXProject "Schedule" */ = {
			isa = XCConfigurationList;
			buildConfigurations = (
				7A796F9B1F871D1400D9658D /* Debug */,
				7A796F9C1F871D1400D9658D /* Release */,
			);
			defaultConfigurationIsVisible = 0;
			defaultConfigurationName = Release;
		};
		7A796F9D1F871D1400D9658D /* Build configuration list for PBXNativeTarget "Schedule" */ = {
			isa = XCConfigurationList;
			buildConfigurations = (
				7A796F9E1F871D1400D9658D /* Debug */,
				7A796F9F1F871D1400D9658D /* Release */,
			);
			defaultConfigurationIsVisible = 0;
			defaultConfigurationName = Release;
		};
/* End XCConfigurationList section */

/* Begin XCVersionGroup section */
		7A796F921F871D1400D9658D /* Schedule.xcdatamodeld */ = {
			isa = XCVersionGroup;
			children = (
				7A9A5467218A0D1D00F45B85 /* Schedule3.xcdatamodel */,
				7A1D3239201585F10062989E /* Schedule2.xcdatamodel */,
				7A796F931F871D1400D9658D /* Schedule.xcdatamodel */,
			);
			currentVersion = 7A9A5467218A0D1D00F45B85 /* Schedule3.xcdatamodel */;
			path = Schedule.xcdatamodeld;
			sourceTree = "<group>";
			versionGroupType = wrapper.xcdatamodel;
		};
/* End XCVersionGroup section */
	};
	rootObject = 7A796F801F871D1400D9658D /* Project object */;
}
